
Microsoft Visual Studio Solution File, Format Version 12.00
# Visual Studio 15
VisualStudioVersion = 15.0.27703.2035
MinimumVisualStudioVersion = 10.0.40219.1
Project("{FAE04EC0-301F-11D3-BF4B-00C04F79EFBC}") = "MusicStore", "MusicStore\MusicStore.csproj", "{60D89512-AE9B-4A1C-8BE6-E443C207879D}"
EndProject
Project("{2150E333-8FDC-42A3-9474-1A3956D46DE8}") = "Solution Items", "Solution Items", "{CE15D1C8-E12B-448C-8FAF-26CDB00FA1C9}"
	ProjectSection(SolutionItems) = preProject
		MusicStore\package.json = MusicStore\package.json
	EndProjectSection
EndProject
Global
	GlobalSection(SolutionConfigurationPlatforms) = preSolution
		Debug|Any CPU = Debug|Any CPU
		Release|Any CPU = Release|Any CPU
	EndGlobalSection
	GlobalSection(ProjectConfigurationPlatforms) = postSolution
		{60D89512-AE9B-4A1C-8BE6-E443C207879D}.Debug|Any CPU.ActiveCfg = Debug|Any CPU
		{60D89512-AE9B-4A1C-8BE6-E443C207879D}.Debug|Any CPU.Build.0 = Debug|Any CPU
		{60D89512-AE9B-4A1C-8BE6-E443C207879D}.Release|Any CPU.ActiveCfg = Release|Any CPU
		{60D89512-AE9B-4A1C-8BE6-E443C207879D}.Release|Any CPU.Build.0 = Release|Any CPU
	EndGlobalSection
	GlobalSection(SolutionProperties) = preSolution
		HideSolutionNode = FALSE
	EndGlobalSection
	GlobalSection(ExtensibilityGlobals) = postSolution
		SolutionGuid = {69B947A4-1547-4D6C-BF38-9244C73BCA3C}
	EndGlobalSection
EndGlobal
